
Microsoft Visual Studio Solution File, Format Version 12.00
# Visual Studio Version 16
VisualStudioVersion = 16.0.31605.320
MinimumVisualStudioVersion = 10.0.40219.1
Project("{FAE04EC0-301F-11D3-BF4B-00C04F79EFBC}") = "Label", "WPF_Controls\Label.csproj", "{C9BE4404-B16B-4FB2-BCA0-20665A362D8C}"
EndProject
Project("{FAE04EC0-301F-11D3-BF4B-00C04F79EFBC}") = "TextBox", "TextBox\TextBox.csproj", "{061F87EA-7FEB-4E20-960F-5B9FD70EE1F6}"
EndProject
Project("{FAE04EC0-301F-11D3-BF4B-00C04F79EFBC}") = "CheckBoxList", "CheckBoxList\CheckBoxList.csproj", "{D556EBAA-A2DD-4283-9EA3-37EB583917F4}"
EndProject
Project("{FAE04EC0-301F-11D3-BF4B-00C04F79EFBC}") = "RadioButtonList", "RadioButtonList\RadioButtonList.csproj", "{8F6335A2-79C2-4678-BA69-F238AF5CD8F4}"
EndProject
Project("{FAE04EC0-301F-11D3-BF4B-00C04F79EFBC}") = "Transparent", "Transparent\Transparent.csproj", "{D6BCDE79-4E12-4494-88C6-53CAE0535A4D}"
EndProject
Project("{FAE04EC0-301F-11D3-BF4B-00C04F79EFBC}") = "ToolTip", "ToolTip\ToolTip.csproj", "{73E2D897-E849-480C-A425-60D4CF75A429}"
EndProject
Project("{FAE04EC0-301F-11D3-BF4B-00C04F79EFBC}") = "Popup", "Popup\Popup.csproj", "{74A0F89C-C597-408F-BCB7-DA941A902DF7}"
EndProject
Project("{FAE04EC0-301F-11D3-BF4B-00C04F79EFBC}") = "ImageList", "ImageList\ImageList.csproj", "{735AABC3-752F-4648-9857-5EF75FA7A29E}"
EndProject
Project("{FAE04EC0-301F-11D3-BF4B-00C04F79EFBC}") = "WPFFocus", "WPFFocus\WPFFocus.csproj", "{3D50E592-4D2A-4907-A243-5C4037F59F90}"
EndProject
Project("{FAE04EC0-301F-11D3-BF4B-00C04F79EFBC}") = "EmbaddedFont", "EmbaddedFont\EmbaddedFont.csproj", "{B900CEB4-C31B-4C60-99C3-E02E4261479B}"
EndProject
Project("{FAE04EC0-301F-11D3-BF4B-00C04F79EFBC}") = "WPFMouseEvent", "WPFMouseEvent\WPFMouseEvent.csproj", "{51A852AE-7681-4DA5-ADC3-A58B156903E6}"
EndProject
Project("{FAE04EC0-301F-11D3-BF4B-00C04F79EFBC}") = "MouseCapture", "MouseCapture\MouseCapture.csproj", "{FE9ED7AE-12C1-45F8-A58C-3EB0F36BEF48}"
EndProject
Project("{FAE04EC0-301F-11D3-BF4B-00C04F79EFBC}") = "DragAndDrop", "DragAndDrop\DragAndDrop.csproj", "{5DBF7994-3A0E-412D-A7F9-853921646867}"
EndProject
Project("{FAE04EC0-301F-11D3-BF4B-00C04F79EFBC}") = "Var1", "Var1\Var1.csproj", "{82B03AD7-28BD-4315-8CDA-59239B544841}"
EndProject
Project("{FAE04EC0-301F-11D3-BF4B-00C04F79EFBC}") = "Var2", "Var2\Var2.csproj", "{A2938328-7FD5-46A8-BD57-4B086C32DBA1}"
EndProject
Project("{FAE04EC0-301F-11D3-BF4B-00C04F79EFBC}") = "Var3", "TreeView\Var3.csproj", "{311E0603-C753-4805-A87E-E6E990954FE6}"
EndProject
Project("{FAE04EC0-301F-11D3-BF4B-00C04F79EFBC}") = "Var4", "Var4\Var4.csproj", "{7A7BB358-E9F5-4B76-A931-7A2ADCE06E37}"
EndProject
Global
	GlobalSection(SolutionConfigurationPlatforms) = preSolution
		Debug|Any CPU = Debug|Any CPU
		Release|Any CPU = Release|Any CPU
	EndGlobalSection
	GlobalSection(ProjectConfigurationPlatforms) = postSolution
		{C9BE4404-B16B-4FB2-BCA0-20665A362D8C}.Debug|Any CPU.ActiveCfg = Debug|Any CPU
		{C9BE4404-B16B-4FB2-BCA0-20665A362D8C}.Debug|Any CPU.Build.0 = Debug|Any CPU
		{C9BE4404-B16B-4FB2-BCA0-20665A362D8C}.Release|Any CPU.ActiveCfg = Release|Any CPU
		{C9BE4404-B16B-4FB2-BCA0-20665A362D8C}.Release|Any CPU.Build.0 = Release|Any CPU
		{061F87EA-7FEB-4E20-960F-5B9FD70EE1F6}.Debug|Any CPU.ActiveCfg = Debug|Any CPU
		{061F87EA-7FEB-4E20-960F-5B9FD70EE1F6}.Debug|Any CPU.Build.0 = Debug|Any CPU
		{061F87EA-7FEB-4E20-960F-5B9FD70EE1F6}.Release|Any CPU.ActiveCfg = Release|Any CPU
		{061F87EA-7FEB-4E20-960F-5B9FD70EE1F6}.Release|Any CPU.Build.0 = Release|Any CPU
		{D556EBAA-A2DD-4283-9EA3-37EB583917F4}.Debug|Any CPU.ActiveCfg = Debug|Any CPU
		{D556EBAA-A2DD-4283-9EA3-37EB583917F4}.Debug|Any CPU.Build.0 = Debug|Any CPU
		{D556EBAA-A2DD-4283-9EA3-37EB583917F4}.Release|Any CPU.ActiveCfg = Release|Any CPU
		{D556EBAA-A2DD-4283-9EA3-37EB583917F4}.Release|Any CPU.Build.0 = Release|Any CPU
		{8F6335A2-79C2-4678-BA69-F238AF5CD8F4}.Debug|Any CPU.ActiveCfg = Debug|Any CPU
		{8F6335A2-79C2-4678-BA69-F238AF5CD8F4}.Debug|Any CPU.Build.0 = Debug|Any CPU
		{8F6335A2-79C2-4678-BA69-F238AF5CD8F4}.Release|Any CPU.ActiveCfg = Release|Any CPU
		{8F6335A2-79C2-4678-BA69-F238AF5CD8F4}.Release|Any CPU.Build.0 = Release|Any CPU
		{D6BCDE79-4E12-4494-88C6-53CAE0535A4D}.Debug|Any CPU.ActiveCfg = Debug|Any CPU
		{D6BCDE79-4E12-4494-88C6-53CAE0535A4D}.Debug|Any CPU.Build.0 = Debug|Any CPU
		{D6BCDE79-4E12-4494-88C6-53CAE0535A4D}.Release|Any CPU.ActiveCfg = Release|Any CPU
		{D6BCDE79-4E12-4494-88C6-53CAE0535A4D}.Release|Any CPU.Build.0 = Release|Any CPU
		{73E2D897-E849-480C-A425-60D4CF75A429}.Debug|Any CPU.ActiveCfg = Debug|Any CPU
		{73E2D897-E849-480C-A425-60D4CF75A429}.Debug|Any CPU.Build.0 = Debug|Any CPU
		{73E2D897-E849-480C-A425-60D4CF75A429}.Release|Any CPU.ActiveCfg = Release|Any CPU
		{73E2D897-E849-480C-A425-60D4CF75A429}.Release|Any CPU.Build.0 = Release|Any CPU
		{74A0F89C-C597-408F-BCB7-DA941A902DF7}.Debug|Any CPU.ActiveCfg = Debug|Any CPU
		{74A0F89C-C597-408F-BCB7-DA941A902DF7}.Debug|Any CPU.Build.0 = Debug|Any CPU
		{74A0F89C-C597-408F-BCB7-DA941A902DF7}.Release|Any CPU.ActiveCfg = Release|Any CPU
		{74A0F89C-C597-408F-BCB7-DA941A902DF7}.Release|Any CPU.Build.0 = Release|Any CPU
		{735AABC3-752F-4648-9857-5EF75FA7A29E}.Debug|Any CPU.ActiveCfg = Debug|Any CPU
		{735AABC3-752F-4648-9857-5EF75FA7A29E}.Debug|Any CPU.Build.0 = Debug|Any CPU
		{735AABC3-752F-4648-9857-5EF75FA7A29E}.Release|Any CPU.ActiveCfg = Release|Any CPU
		{735AABC3-752F-4648-9857-5EF75FA7A29E}.Release|Any CPU.Build.0 = Release|Any CPU
		{3D50E592-4D2A-4907-A243-5C4037F59F90}.Debug|Any CPU.ActiveCfg = Debug|Any CPU
		{3D50E592-4D2A-4907-A243-5C4037F59F90}.Debug|Any CPU.Build.0 = Debug|Any CPU
		{3D50E592-4D2A-4907-A243-5C4037F59F90}.Release|Any CPU.ActiveCfg = Release|Any CPU
		{3D50E592-4D2A-4907-A243-5C4037F59F90}.Release|Any CPU.Build.0 = Release|Any CPU
		{B900CEB4-C31B-4C60-99C3-E02E4261479B}.Debug|Any CPU.ActiveCfg = Debug|Any CPU
		{B900CEB4-C31B-4C60-99C3-E02E4261479B}.Debug|Any CPU.Build.0 = Debug|Any CPU
		{B900CEB4-C31B-4C60-99C3-E02E4261479B}.Release|Any CPU.ActiveCfg = Release|Any CPU
		{B900CEB4-C31B-4C60-99C3-E02E4261479B}.Release|Any CPU.Build.0 = Release|Any CPU
		{51A852AE-7681-4DA5-ADC3-A58B156903E6}.Debug|Any CPU.ActiveCfg = Debug|Any CPU
		{51A852AE-7681-4DA5-ADC3-A58B156903E6}.Debug|Any CPU.Build.0 = Debug|Any CPU
		{51A852AE-7681-4DA5-ADC3-A58B156903E6}.Release|Any CPU.ActiveCfg = Release|Any CPU
		{51A852AE-7681-4DA5-ADC3-A58B156903E6}.Release|Any CPU.Build.0 = Release|Any CPU
		{FE9ED7AE-12C1-45F8-A58C-3EB0F36BEF48}.Debug|Any CPU.ActiveCfg = Debug|Any CPU
		{FE9ED7AE-12C1-45F8-A58C-3EB0F36BEF48}.Debug|Any CPU.Build.0 = Debug|Any CPU
		{FE9ED7AE-12C1-45F8-A58C-3EB0F36BEF48}.Release|Any CPU.ActiveCfg = Release|Any CPU
		{FE9ED7AE-12C1-45F8-A58C-3EB0F36BEF48}.Release|Any CPU.Build.0 = Release|Any CPU
		{5DBF7994-3A0E-412D-A7F9-853921646867}.Debug|Any CPU.ActiveCfg = Debug|Any CPU
		{5DBF7994-3A0E-412D-A7F9-853921646867}.Debug|Any CPU.Build.0 = Debug|Any CPU
		{5DBF7994-3A0E-412D-A7F9-853921646867}.Release|Any CPU.ActiveCfg = Release|Any CPU
		{5DBF7994-3A0E-412D-A7F9-853921646867}.Release|Any CPU.Build.0 = Release|Any CPU
		{82B03AD7-28BD-4315-8CDA-59239B544841}.Debug|Any CPU.ActiveCfg = Debug|Any CPU
		{82B03AD7-28BD-4315-8CDA-59239B544841}.Debug|Any CPU.Build.0 = Debug|Any CPU
		{82B03AD7-28BD-4315-8CDA-59239B544841}.Release|Any CPU.ActiveCfg = Release|Any CPU
		{82B03AD7-28BD-4315-8CDA-59239B544841}.Release|Any CPU.Build.0 = Release|Any CPU
		{A2938328-7FD5-46A8-BD57-4B086C32DBA1}.Debug|Any CPU.ActiveCfg = Debug|Any CPU
		{A2938328-7FD5-46A8-BD57-4B086C32DBA1}.Debug|Any CPU.Build.0 = Debug|Any CPU
		{A2938328-7FD5-46A8-BD57-4B086C32DBA1}.Release|Any CPU.ActiveCfg = Release|Any CPU
		{A2938328-7FD5-46A8-BD57-4B086C32DBA1}.Release|Any CPU.Build.0 = Release|Any CPU
		{311E0603-C753-4805-A87E-E6E990954FE6}.Debug|Any CPU.ActiveCfg = Debug|Any CPU
		{311E0603-C753-4805-A87E-E6E990954FE6}.Debug|Any CPU.Build.0 = Debug|Any CPU
		{311E0603-C753-4805-A87E-E6E990954FE6}.Release|Any CPU.ActiveCfg = Release|Any CPU
		{311E0603-C753-4805-A87E-E6E990954FE6}.Release|Any CPU.Build.0 = Release|Any CPU
		{7A7BB358-E9F5-4B76-A931-7A2ADCE06E37}.Debug|Any CPU.ActiveCfg = Debug|Any CPU
		{7A7BB358-E9F5-4B76-A931-7A2ADCE06E37}.Debug|Any CPU.Build.0 = Debug|Any CPU
		{7A7BB358-E9F5-4B76-A931-7A2ADCE06E37}.Release|Any CPU.ActiveCfg = Release|Any CPU
		{7A7BB358-E9F5-4B76-A931-7A2ADCE06E37}.Release|Any CPU.Build.0 = Release|Any CPU
	EndGlobalSection
	GlobalSection(SolutionProperties) = preSolution
		HideSolutionNode = FALSE
	EndGlobalSection
	GlobalSection(ExtensibilityGlobals) = postSolution
		SolutionGuid = {1B2C821E-3731-4D24-A6E1-249AD8B03F5E}
	EndGlobalSection
EndGlobal
