
Microsoft Visual Studio Solution File, Format Version 12.00
# Visual Studio Version 16
VisualStudioVersion = 16.0.31605.320
MinimumVisualStudioVersion = 10.0.40219.1
Project("{FAE04EC0-301F-11D3-BF4B-00C04F79EFBC}") = "CreateAutorize", "CreateAutorize\CreateAutorize.csproj", "{9B00142D-9FF1-4E9C-B04C-C95459B9D12F}"
EndProject
Global
	GlobalSection(SolutionConfigurationPlatforms) = preSolution
		Debug|Any CPU = Debug|Any CPU
		Release|Any CPU = Release|Any CPU
	EndGlobalSection
	GlobalSection(ProjectConfigurationPlatforms) = postSolution
		{9B00142D-9FF1-4E9C-B04C-C95459B9D12F}.Debug|Any CPU.ActiveCfg = Debug|Any CPU
		{9B00142D-9FF1-4E9C-B04C-C95459B9D12F}.Debug|Any CPU.Build.0 = Debug|Any CPU
		{9B00142D-9FF1-4E9C-B04C-C95459B9D12F}.Release|Any CPU.ActiveCfg = Release|Any CPU
		{9B00142D-9FF1-4E9C-B04C-C95459B9D12F}.Release|Any CPU.Build.0 = Release|Any CPU
	EndGlobalSection
	GlobalSection(SolutionProperties) = preSolution
		HideSolutionNode = FALSE
	EndGlobalSection
	GlobalSection(ExtensibilityGlobals) = postSolution
		SolutionGuid = {DC35974F-6688-4483-A14F-AD187086349E}
	EndGlobalSection
EndGlobal
