
Microsoft Visual Studio Solution File, Format Version 12.00
# Visual Studio Version 16
VisualStudioVersion = 16.0.31605.320
MinimumVisualStudioVersion = 10.0.40219.1
Project("{FAE04EC0-301F-11D3-BF4B-00C04F79EFBC}") = "DialogTypes", "DialogTypes\DialogTypes.csproj", "{4570A218-CACC-47B9-9DC8-245D432FAB98}"
EndProject
Project("{FAE04EC0-301F-11D3-BF4B-00C04F79EFBC}") = "WindowEvents", "WindowEvents\WindowEvents.csproj", "{6757B673-7FBD-4367-BCD8-B47B68A8A544}"
EndProject
Project("{FAE04EC0-301F-11D3-BF4B-00C04F79EFBC}") = "WindowPosition", "WindowPosition\WindowPosition.csproj", "{415E2B41-E82A-4E84-98A4-40EF4B1B5428}"
EndProject
Project("{FAE04EC0-301F-11D3-BF4B-00C04F79EFBC}") = "WindowPositionSave", "WindowPositionSave\WindowPositionSave.csproj", "{12D83265-2D9D-486C-96F2-F2876F52291B}"
EndProject
Project("{FAE04EC0-301F-11D3-BF4B-00C04F79EFBC}") = "WindowInteracting", "WindowInteracting\WindowInteracting.csproj", "{1894C2FB-177A-4DB5-873F-3F5494CD85AF}"
EndProject
Project("{FAE04EC0-301F-11D3-BF4B-00C04F79EFBC}") = "WindowOwnership", "WindowOwnership\WindowOwnership.csproj", "{C8C25CB1-FFAB-4D9D-8EB2-ADBF79377AED}"
EndProject
Project("{FAE04EC0-301F-11D3-BF4B-00C04F79EFBC}") = "SaveOpenFileDialogs", "SaveOpenFileDialogs\SaveOpenFileDialogs.csproj", "{9CE2C495-B759-422C-95F4-A2FE2B945555}"
EndProject
Project("{FAE04EC0-301F-11D3-BF4B-00C04F79EFBC}") = "NotRectangularWindow", "NotRectangularWindow\NotRectangularWindow.csproj", "{1493436A-ECDE-4D4B-860C-451B49BA5C5F}"
EndProject
Project("{FAE04EC0-301F-11D3-BF4B-00C04F79EFBC}") = "NotRectangularWindow2", "NotRectangularWindow2\NotRectangularWindow2.csproj", "{8550260E-7864-4ADA-8136-D4C69462CE92}"
EndProject
Project("{FAE04EC0-301F-11D3-BF4B-00C04F79EFBC}") = "GlassEffect", "GlassEffect\GlassEffect.csproj", "{4AA9C10F-62B3-4006-9D15-556068CA3E18}"
EndProject
Project("{FAE04EC0-301F-11D3-BF4B-00C04F79EFBC}") = "Var1", "Var1\Var1.csproj", "{95698224-974C-4C7B-9417-3D0634082EF9}"
EndProject
Project("{FAE04EC0-301F-11D3-BF4B-00C04F79EFBC}") = "Var2", "Var2\Var2.csproj", "{24F2C93A-C5DD-4744-9E85-E116D216CFE7}"
EndProject
Global
	GlobalSection(SolutionConfigurationPlatforms) = preSolution
		Debug|Any CPU = Debug|Any CPU
		Release|Any CPU = Release|Any CPU
	EndGlobalSection
	GlobalSection(ProjectConfigurationPlatforms) = postSolution
		{4570A218-CACC-47B9-9DC8-245D432FAB98}.Debug|Any CPU.ActiveCfg = Debug|Any CPU
		{4570A218-CACC-47B9-9DC8-245D432FAB98}.Debug|Any CPU.Build.0 = Debug|Any CPU
		{4570A218-CACC-47B9-9DC8-245D432FAB98}.Release|Any CPU.ActiveCfg = Release|Any CPU
		{4570A218-CACC-47B9-9DC8-245D432FAB98}.Release|Any CPU.Build.0 = Release|Any CPU
		{6757B673-7FBD-4367-BCD8-B47B68A8A544}.Debug|Any CPU.ActiveCfg = Debug|Any CPU
		{6757B673-7FBD-4367-BCD8-B47B68A8A544}.Debug|Any CPU.Build.0 = Debug|Any CPU
		{6757B673-7FBD-4367-BCD8-B47B68A8A544}.Release|Any CPU.ActiveCfg = Release|Any CPU
		{6757B673-7FBD-4367-BCD8-B47B68A8A544}.Release|Any CPU.Build.0 = Release|Any CPU
		{415E2B41-E82A-4E84-98A4-40EF4B1B5428}.Debug|Any CPU.ActiveCfg = Debug|Any CPU
		{415E2B41-E82A-4E84-98A4-40EF4B1B5428}.Debug|Any CPU.Build.0 = Debug|Any CPU
		{415E2B41-E82A-4E84-98A4-40EF4B1B5428}.Release|Any CPU.ActiveCfg = Release|Any CPU
		{415E2B41-E82A-4E84-98A4-40EF4B1B5428}.Release|Any CPU.Build.0 = Release|Any CPU
		{12D83265-2D9D-486C-96F2-F2876F52291B}.Debug|Any CPU.ActiveCfg = Debug|Any CPU
		{12D83265-2D9D-486C-96F2-F2876F52291B}.Debug|Any CPU.Build.0 = Debug|Any CPU
		{12D83265-2D9D-486C-96F2-F2876F52291B}.Release|Any CPU.ActiveCfg = Release|Any CPU
		{12D83265-2D9D-486C-96F2-F2876F52291B}.Release|Any CPU.Build.0 = Release|Any CPU
		{1894C2FB-177A-4DB5-873F-3F5494CD85AF}.Debug|Any CPU.ActiveCfg = Debug|Any CPU
		{1894C2FB-177A-4DB5-873F-3F5494CD85AF}.Debug|Any CPU.Build.0 = Debug|Any CPU
		{1894C2FB-177A-4DB5-873F-3F5494CD85AF}.Release|Any CPU.ActiveCfg = Release|Any CPU
		{1894C2FB-177A-4DB5-873F-3F5494CD85AF}.Release|Any CPU.Build.0 = Release|Any CPU
		{C8C25CB1-FFAB-4D9D-8EB2-ADBF79377AED}.Debug|Any CPU.ActiveCfg = Debug|Any CPU
		{C8C25CB1-FFAB-4D9D-8EB2-ADBF79377AED}.Debug|Any CPU.Build.0 = Debug|Any CPU
		{C8C25CB1-FFAB-4D9D-8EB2-ADBF79377AED}.Release|Any CPU.ActiveCfg = Release|Any CPU
		{C8C25CB1-FFAB-4D9D-8EB2-ADBF79377AED}.Release|Any CPU.Build.0 = Release|Any CPU
		{9CE2C495-B759-422C-95F4-A2FE2B945555}.Debug|Any CPU.ActiveCfg = Debug|Any CPU
		{9CE2C495-B759-422C-95F4-A2FE2B945555}.Debug|Any CPU.Build.0 = Debug|Any CPU
		{9CE2C495-B759-422C-95F4-A2FE2B945555}.Release|Any CPU.ActiveCfg = Release|Any CPU
		{9CE2C495-B759-422C-95F4-A2FE2B945555}.Release|Any CPU.Build.0 = Release|Any CPU
		{1493436A-ECDE-4D4B-860C-451B49BA5C5F}.Debug|Any CPU.ActiveCfg = Debug|Any CPU
		{1493436A-ECDE-4D4B-860C-451B49BA5C5F}.Debug|Any CPU.Build.0 = Debug|Any CPU
		{1493436A-ECDE-4D4B-860C-451B49BA5C5F}.Release|Any CPU.ActiveCfg = Release|Any CPU
		{1493436A-ECDE-4D4B-860C-451B49BA5C5F}.Release|Any CPU.Build.0 = Release|Any CPU
		{8550260E-7864-4ADA-8136-D4C69462CE92}.Debug|Any CPU.ActiveCfg = Debug|Any CPU
		{8550260E-7864-4ADA-8136-D4C69462CE92}.Debug|Any CPU.Build.0 = Debug|Any CPU
		{8550260E-7864-4ADA-8136-D4C69462CE92}.Release|Any CPU.ActiveCfg = Release|Any CPU
		{8550260E-7864-4ADA-8136-D4C69462CE92}.Release|Any CPU.Build.0 = Release|Any CPU
		{4AA9C10F-62B3-4006-9D15-556068CA3E18}.Debug|Any CPU.ActiveCfg = Debug|Any CPU
		{4AA9C10F-62B3-4006-9D15-556068CA3E18}.Debug|Any CPU.Build.0 = Debug|Any CPU
		{4AA9C10F-62B3-4006-9D15-556068CA3E18}.Release|Any CPU.ActiveCfg = Release|Any CPU
		{4AA9C10F-62B3-4006-9D15-556068CA3E18}.Release|Any CPU.Build.0 = Release|Any CPU
		{95698224-974C-4C7B-9417-3D0634082EF9}.Debug|Any CPU.ActiveCfg = Debug|Any CPU
		{95698224-974C-4C7B-9417-3D0634082EF9}.Debug|Any CPU.Build.0 = Debug|Any CPU
		{95698224-974C-4C7B-9417-3D0634082EF9}.Release|Any CPU.ActiveCfg = Release|Any CPU
		{95698224-974C-4C7B-9417-3D0634082EF9}.Release|Any CPU.Build.0 = Release|Any CPU
		{24F2C93A-C5DD-4744-9E85-E116D216CFE7}.Debug|Any CPU.ActiveCfg = Debug|Any CPU
		{24F2C93A-C5DD-4744-9E85-E116D216CFE7}.Debug|Any CPU.Build.0 = Debug|Any CPU
		{24F2C93A-C5DD-4744-9E85-E116D216CFE7}.Release|Any CPU.ActiveCfg = Release|Any CPU
		{24F2C93A-C5DD-4744-9E85-E116D216CFE7}.Release|Any CPU.Build.0 = Release|Any CPU
	EndGlobalSection
	GlobalSection(SolutionProperties) = preSolution
		HideSolutionNode = FALSE
	EndGlobalSection
	GlobalSection(ExtensibilityGlobals) = postSolution
		SolutionGuid = {297C9CFE-42CA-4D7A-A205-2F3429F90E0C}
	EndGlobalSection
EndGlobal
